// !$*UTF8*$!
{
	archiveVersion = 1;
	classes = {
	};
	objectVersion = 46;
	objects = {

/* Begin PBXBuildFile section */
		D71D6F831A7D6AE1006D0456 /* main.m in Sources */ = {isa = PBXBuildFile; fileRef = D71D6F821A7D6AE1006D0456 /* main.m */; };
		D71D6F861A7D6AE1006D0456 /* AppDelegate.m in Sources */ = {isa = PBXBuildFile; fileRef = D71D6F851A7D6AE1006D0456 /* AppDelegate.m */; };
		D71D6F891A7D6AE1006D0456 /* ViewController.m in Sources */ = {isa = PBXBuildFile; fileRef = D71D6F881A7D6AE1006D0456 /* ViewController.m */; };
		D71D6F8C1A7D6AE1006D0456 /* Main.storyboard in Resources */ = {isa = PBXBuildFile; fileRef = D71D6F8A1A7D6AE1006D0456 /* Main.storyboard */; };
		D71D6F8E1A7D6AE1006D0456 /* Images.xcassets in Resources */ = {isa = PBXBuildFile; fileRef = D71D6F8D1A7D6AE1006D0456 /* Images.xcassets */; };
		D71D6F911A7D6AE1006D0456 /* LaunchScreen.xib in Resources */ = {isa = PBXBuildFile; fileRef = D71D6F8F1A7D6AE1006D0456 /* LaunchScreen.xib */; };
		D71D6F9D1A7D6AE1006D0456 /* Orlando_Walking_ToursTests.m in Sources */ = {isa = PBXBuildFile; fileRef = D71D6F9C1A7D6AE1006D0456 /* Orlando_Walking_ToursTests.m */; };
		D71D6FC31A7D720F006D0456 /* DashboardTableViewController.m in Sources */ = {isa = PBXBuildFile; fileRef = D71D6FC21A7D720F006D0456 /* DashboardTableViewController.m */; };
		D71D6FC71A7D72FA006D0456 /* TourTableViewCell.m in Sources */ = {isa = PBXBuildFile; fileRef = D71D6FC61A7D72FA006D0456 /* TourTableViewCell.m */; };
		D71D6FCA1A7D76FB006D0456 /* AddTourViewController.m in Sources */ = {isa = PBXBuildFile; fileRef = D71D6FC91A7D76FB006D0456 /* AddTourViewController.m */; };
		D71D6FD11A7D79C6006D0456 /* LocationListTableViewController.m in Sources */ = {isa = PBXBuildFile; fileRef = D71D6FD01A7D79C6006D0456 /* LocationListTableViewController.m */; };
		D71D6FD41A7D7B77006D0456 /* WalkingTours.xcdatamodeld in Sources */ = {isa = PBXBuildFile; fileRef = D71D6FD21A7D7B77006D0456 /* WalkingTours.xcdatamodeld */; };
		D71D6FD71A7D7E14006D0456 /* HistoricLocation.m in Sources */ = {isa = PBXBuildFile; fileRef = D71D6FD61A7D7E14006D0456 /* HistoricLocation.m */; };
		D71D6FD91A7D7E3B006D0456 /* CoreData.framework in Frameworks */ = {isa = PBXBuildFile; fileRef = D71D6FD81A7D7E3B006D0456 /* CoreData.framework */; };
		D71D6FDB1A7D7E43006D0456 /* CoreLocation.framework in Frameworks */ = {isa = PBXBuildFile; fileRef = D71D6FDA1A7D7E43006D0456 /* CoreLocation.framework */; };
		D71D6FDD1A7D7E47006D0456 /* MapKit.framework in Frameworks */ = {isa = PBXBuildFile; fileRef = D71D6FDC1A7D7E47006D0456 /* MapKit.framework */; };
		D71D6FE01A7D8097006D0456 /* LocationTableViewCell.m in Sources */ = {isa = PBXBuildFile; fileRef = D71D6FDF1A7D8097006D0456 /* LocationTableViewCell.m */; };
		D71D6FE31A7D829C006D0456 /* LocationDetailViewController.m in Sources */ = {isa = PBXBuildFile; fileRef = D71D6FE21A7D829C006D0456 /* LocationDetailViewController.m */; };
		D74F20AD1A89B83E00F2F894 /* HistoricLocationTableViewCell.m in Sources */ = {isa = PBXBuildFile; fileRef = D74F20AC1A89B83E00F2F894 /* HistoricLocationTableViewCell.m */; };
		D74F20B11A89C80C00F2F894 /* LocationAnnotationView.m in Sources */ = {isa = PBXBuildFile; fileRef = D74F20B01A89C80C00F2F894 /* LocationAnnotationView.m */; };
		D74F20B41A89C89600F2F894 /* LocationAnnotation.m in Sources */ = {isa = PBXBuildFile; fileRef = D74F20B31A89C89600F2F894 /* LocationAnnotation.m */; };
		D75DDA641A807CB900988B18 /* Tour.m in Sources */ = {isa = PBXBuildFile; fileRef = D75DDA631A807CB900988B18 /* Tour.m */; };
		D75DDA6A1A8087A200988B18 /* TourDetailListViewController.m in Sources */ = {isa = PBXBuildFile; fileRef = D75DDA691A8087A200988B18 /* TourDetailListViewController.m */; };
		F23866701B2372E500D7CACC /* NSArray+HistoricLocation.m in Sources */ = {isa = PBXBuildFile; fileRef = F238666F1B2372E500D7CACC /* NSArray+HistoricLocation.m */; };
		F83BECCA1CB00D0827DA13B4 /* libPods.a in Frameworks */ = {isa = PBXBuildFile; fileRef = 7C24C308243E028BC2F46390 /* libPods.a */; };
/* End PBXBuildFile section */

/* Begin PBXContainerItemProxy section */
		D71D6F971A7D6AE1006D0456 /* PBXContainerItemProxy */ = {
			isa = PBXContainerItemProxy;
			containerPortal = D71D6F751A7D6AE1006D0456 /* Project object */;
			proxyType = 1;
			remoteGlobalIDString = D71D6F7C1A7D6AE1006D0456;
			remoteInfo = "Orlando Walking Tours";
		};
/* End PBXContainerItemProxy section */

/* Begin PBXFileReference section */
		7C24C308243E028BC2F46390 /* libPods.a */ = {isa = PBXFileReference; explicitFileType = archive.ar; includeInIndex = 0; path = libPods.a; sourceTree = BUILT_PRODUCTS_DIR; };
		86A25B6EAB3019B980F120A3 /* Pods.debug.xcconfig */ = {isa = PBXFileReference; includeInIndex = 1; lastKnownFileType = text.xcconfig; name = Pods.debug.xcconfig; path = "Pods/Target Support Files/Pods/Pods.debug.xcconfig"; sourceTree = "<group>"; };
		D3332DE95C1757DA9D22E830 /* Pods.release.xcconfig */ = {isa = PBXFileReference; includeInIndex = 1; lastKnownFileType = text.xcconfig; name = Pods.release.xcconfig; path = "Pods/Target Support Files/Pods/Pods.release.xcconfig"; sourceTree = "<group>"; };
		D71D6F7D1A7D6AE1006D0456 /* Orlando Walking Tours.app */ = {isa = PBXFileReference; explicitFileType = wrapper.application; includeInIndex = 0; path = "Orlando Walking Tours.app"; sourceTree = BUILT_PRODUCTS_DIR; };
		D71D6F811A7D6AE1006D0456 /* Info.plist */ = {isa = PBXFileReference; lastKnownFileType = text.plist.xml; path = Info.plist; sourceTree = "<group>"; };
		D71D6F821A7D6AE1006D0456 /* main.m */ = {isa = PBXFileReference; lastKnownFileType = sourcecode.c.objc; path = main.m; sourceTree = "<group>"; };
		D71D6F841A7D6AE1006D0456 /* AppDelegate.h */ = {isa = PBXFileReference; lastKnownFileType = sourcecode.c.h; path = AppDelegate.h; sourceTree = "<group>"; };
		D71D6F851A7D6AE1006D0456 /* AppDelegate.m */ = {isa = PBXFileReference; lastKnownFileType = sourcecode.c.objc; path = AppDelegate.m; sourceTree = "<group>"; };
		D71D6F871A7D6AE1006D0456 /* ViewController.h */ = {isa = PBXFileReference; lastKnownFileType = sourcecode.c.h; path = ViewController.h; sourceTree = "<group>"; };
		D71D6F881A7D6AE1006D0456 /* ViewController.m */ = {isa = PBXFileReference; lastKnownFileType = sourcecode.c.objc; path = ViewController.m; sourceTree = "<group>"; };
		D71D6F8B1A7D6AE1006D0456 /* Base */ = {isa = PBXFileReference; lastKnownFileType = file.storyboard; name = Base; path = Base.lproj/Main.storyboard; sourceTree = "<group>"; };
		D71D6F8D1A7D6AE1006D0456 /* Images.xcassets */ = {isa = PBXFileReference; lastKnownFileType = folder.assetcatalog; path = Images.xcassets; sourceTree = "<group>"; };
		D71D6F901A7D6AE1006D0456 /* Base */ = {isa = PBXFileReference; lastKnownFileType = file.xib; name = Base; path = Base.lproj/LaunchScreen.xib; sourceTree = "<group>"; };
		D71D6F961A7D6AE1006D0456 /* Orlando Walking ToursTests.xctest */ = {isa = PBXFileReference; explicitFileType = wrapper.cfbundle; includeInIndex = 0; path = "Orlando Walking ToursTests.xctest"; sourceTree = BUILT_PRODUCTS_DIR; };
		D71D6F9B1A7D6AE1006D0456 /* Info.plist */ = {isa = PBXFileReference; lastKnownFileType = text.plist.xml; path = Info.plist; sourceTree = "<group>"; };
		D71D6F9C1A7D6AE1006D0456 /* Orlando_Walking_ToursTests.m */ = {isa = PBXFileReference; lastKnownFileType = sourcecode.c.objc; path = Orlando_Walking_ToursTests.m; sourceTree = "<group>"; };
		D71D6FC11A7D720F006D0456 /* DashboardTableViewController.h */ = {isa = PBXFileReference; fileEncoding = 4; lastKnownFileType = sourcecode.c.h; path = DashboardTableViewController.h; sourceTree = "<group>"; };
		D71D6FC21A7D720F006D0456 /* DashboardTableViewController.m */ = {isa = PBXFileReference; fileEncoding = 4; lastKnownFileType = sourcecode.c.objc; path = DashboardTableViewController.m; sourceTree = "<group>"; };
		D71D6FC51A7D72FA006D0456 /* TourTableViewCell.h */ = {isa = PBXFileReference; fileEncoding = 4; lastKnownFileType = sourcecode.c.h; path = TourTableViewCell.h; sourceTree = "<group>"; };
		D71D6FC61A7D72FA006D0456 /* TourTableViewCell.m */ = {isa = PBXFileReference; fileEncoding = 4; lastKnownFileType = sourcecode.c.objc; path = TourTableViewCell.m; sourceTree = "<group>"; };
		D71D6FC81A7D76FB006D0456 /* AddTourViewController.h */ = {isa = PBXFileReference; fileEncoding = 4; lastKnownFileType = sourcecode.c.h; path = AddTourViewController.h; sourceTree = "<group>"; };
		D71D6FC91A7D76FB006D0456 /* AddTourViewController.m */ = {isa = PBXFileReference; fileEncoding = 4; lastKnownFileType = sourcecode.c.objc; path = AddTourViewController.m; sourceTree = "<group>"; };
		D71D6FCF1A7D79C6006D0456 /* LocationListTableViewController.h */ = {isa = PBXFileReference; fileEncoding = 4; lastKnownFileType = sourcecode.c.h; path = LocationListTableViewController.h; sourceTree = "<group>"; };
		D71D6FD01A7D79C6006D0456 /* LocationListTableViewController.m */ = {isa = PBXFileReference; fileEncoding = 4; lastKnownFileType = sourcecode.c.objc; path = LocationListTableViewController.m; sourceTree = "<group>"; };
		D71D6FD31A7D7B77006D0456 /* WalkingTours.xcdatamodel */ = {isa = PBXFileReference; lastKnownFileType = wrapper.xcdatamodel; path = WalkingTours.xcdatamodel; sourceTree = "<group>"; };
		D71D6FD51A7D7E14006D0456 /* HistoricLocation.h */ = {isa = PBXFileReference; fileEncoding = 4; lastKnownFileType = sourcecode.c.h; path = HistoricLocation.h; sourceTree = "<group>"; };
		D71D6FD61A7D7E14006D0456 /* HistoricLocation.m */ = {isa = PBXFileReference; fileEncoding = 4; lastKnownFileType = sourcecode.c.objc; path = HistoricLocation.m; sourceTree = "<group>"; };
		D71D6FD81A7D7E3B006D0456 /* CoreData.framework */ = {isa = PBXFileReference; lastKnownFileType = wrapper.framework; name = CoreData.framework; path = System/Library/Frameworks/CoreData.framework; sourceTree = SDKROOT; };
		D71D6FDA1A7D7E43006D0456 /* CoreLocation.framework */ = {isa = PBXFileReference; lastKnownFileType = wrapper.framework; name = CoreLocation.framework; path = System/Library/Frameworks/CoreLocation.framework; sourceTree = SDKROOT; };
		D71D6FDC1A7D7E47006D0456 /* MapKit.framework */ = {isa = PBXFileReference; lastKnownFileType = wrapper.framework; name = MapKit.framework; path = System/Library/Frameworks/MapKit.framework; sourceTree = SDKROOT; };
		D71D6FDE1A7D8097006D0456 /* LocationTableViewCell.h */ = {isa = PBXFileReference; fileEncoding = 4; lastKnownFileType = sourcecode.c.h; path = LocationTableViewCell.h; sourceTree = "<group>"; };
		D71D6FDF1A7D8097006D0456 /* LocationTableViewCell.m */ = {isa = PBXFileReference; fileEncoding = 4; lastKnownFileType = sourcecode.c.objc; path = LocationTableViewCell.m; sourceTree = "<group>"; };
		D71D6FE11A7D829C006D0456 /* LocationDetailViewController.h */ = {isa = PBXFileReference; fileEncoding = 4; lastKnownFileType = sourcecode.c.h; path = LocationDetailViewController.h; sourceTree = "<group>"; };
		D71D6FE21A7D829C006D0456 /* LocationDetailViewController.m */ = {isa = PBXFileReference; fileEncoding = 4; lastKnownFileType = sourcecode.c.objc; path = LocationDetailViewController.m; sourceTree = "<group>"; };
		D74F20AB1A89B83E00F2F894 /* HistoricLocationTableViewCell.h */ = {isa = PBXFileReference; fileEncoding = 4; lastKnownFileType = sourcecode.c.h; path = HistoricLocationTableViewCell.h; sourceTree = "<group>"; };
		D74F20AC1A89B83E00F2F894 /* HistoricLocationTableViewCell.m */ = {isa = PBXFileReference; fileEncoding = 4; lastKnownFileType = sourcecode.c.objc; path = HistoricLocationTableViewCell.m; sourceTree = "<group>"; };
		D74F20AF1A89C80C00F2F894 /* LocationAnnotationView.h */ = {isa = PBXFileReference; fileEncoding = 4; lastKnownFileType = sourcecode.c.h; path = LocationAnnotationView.h; sourceTree = "<group>"; };
		D74F20B01A89C80C00F2F894 /* LocationAnnotationView.m */ = {isa = PBXFileReference; fileEncoding = 4; lastKnownFileType = sourcecode.c.objc; path = LocationAnnotationView.m; sourceTree = "<group>"; };
		D74F20B21A89C89600F2F894 /* LocationAnnotation.h */ = {isa = PBXFileReference; fileEncoding = 4; lastKnownFileType = sourcecode.c.h; path = LocationAnnotation.h; sourceTree = "<group>"; };
		D74F20B31A89C89600F2F894 /* LocationAnnotation.m */ = {isa = PBXFileReference; fileEncoding = 4; lastKnownFileType = sourcecode.c.objc; path = LocationAnnotation.m; sourceTree = "<group>"; };
		D75DDA621A807CB900988B18 /* Tour.h */ = {isa = PBXFileReference; fileEncoding = 4; lastKnownFileType = sourcecode.c.h; path = Tour.h; sourceTree = "<group>"; };
		D75DDA631A807CB900988B18 /* Tour.m */ = {isa = PBXFileReference; fileEncoding = 4; lastKnownFileType = sourcecode.c.objc; path = Tour.m; sourceTree = "<group>"; };
		D75DDA681A8087A200988B18 /* TourDetailListViewController.h */ = {isa = PBXFileReference; fileEncoding = 4; lastKnownFileType = sourcecode.c.h; path = TourDetailListViewController.h; sourceTree = "<group>"; };
		D75DDA691A8087A200988B18 /* TourDetailListViewController.m */ = {isa = PBXFileReference; fileEncoding = 4; lastKnownFileType = sourcecode.c.objc; path = TourDetailListViewController.m; sourceTree = "<group>"; };
		F238666E1B2372E500D7CACC /* NSArray+HistoricLocation.h */ = {isa = PBXFileReference; fileEncoding = 4; lastKnownFileType = sourcecode.c.h; path = "NSArray+HistoricLocation.h"; sourceTree = "<group>"; };
		F238666F1B2372E500D7CACC /* NSArray+HistoricLocation.m */ = {isa = PBXFileReference; fileEncoding = 4; lastKnownFileType = sourcecode.c.objc; path = "NSArray+HistoricLocation.m"; sourceTree = "<group>"; };
/* End PBXFileReference section */

/* Begin PBXFrameworksBuildPhase section */
		D71D6F7A1A7D6AE1006D0456 /* Frameworks */ = {
			isa = PBXFrameworksBuildPhase;
			buildActionMask = 2147483647;
			files = (
				D71D6FDD1A7D7E47006D0456 /* MapKit.framework in Frameworks */,
				D71D6FDB1A7D7E43006D0456 /* CoreLocation.framework in Frameworks */,
				D71D6FD91A7D7E3B006D0456 /* CoreData.framework in Frameworks */,
				F83BECCA1CB00D0827DA13B4 /* libPods.a in Frameworks */,
			);
			runOnlyForDeploymentPostprocessing = 0;
		};
		D71D6F931A7D6AE1006D0456 /* Frameworks */ = {
			isa = PBXFrameworksBuildPhase;
			buildActionMask = 2147483647;
			files = (
			);
			runOnlyForDeploymentPostprocessing = 0;
		};
/* End PBXFrameworksBuildPhase section */

/* Begin PBXGroup section */
		6A65F78C01AC96A1C7EF4BC3 /* Pods */ = {
			isa = PBXGroup;
			children = (
				86A25B6EAB3019B980F120A3 /* Pods.debug.xcconfig */,
				D3332DE95C1757DA9D22E830 /* Pods.release.xcconfig */,
			);
			name = Pods;
			sourceTree = "<group>";
		};
		7A7033C0C101893FABDA3941 /* Frameworks */ = {
			isa = PBXGroup;
			children = (
				7C24C308243E028BC2F46390 /* libPods.a */,
			);
			name = Frameworks;
			sourceTree = "<group>";
		};
		D71D6F741A7D6AE1006D0456 = {
			isa = PBXGroup;
			children = (
				D71D6FDC1A7D7E47006D0456 /* MapKit.framework */,
				D71D6FDA1A7D7E43006D0456 /* CoreLocation.framework */,
				D71D6FD81A7D7E3B006D0456 /* CoreData.framework */,
				D71D6F7F1A7D6AE1006D0456 /* Orlando Walking Tours */,
				D71D6F991A7D6AE1006D0456 /* Orlando Walking ToursTests */,
				D71D6F7E1A7D6AE1006D0456 /* Products */,
				6A65F78C01AC96A1C7EF4BC3 /* Pods */,
				7A7033C0C101893FABDA3941 /* Frameworks */,
			);
			sourceTree = "<group>";
		};
		D71D6F7E1A7D6AE1006D0456 /* Products */ = {
			isa = PBXGroup;
			children = (
				D71D6F7D1A7D6AE1006D0456 /* Orlando Walking Tours.app */,
				D71D6F961A7D6AE1006D0456 /* Orlando Walking ToursTests.xctest */,
			);
			name = Products;
			sourceTree = "<group>";
		};
		D71D6F7F1A7D6AE1006D0456 /* Orlando Walking Tours */ = {
			isa = PBXGroup;
			children = (
				F238666D1B2372C900D7CACC /* Categories */,
				D74F20AE1A89C7FD00F2F894 /* Annotations */,
				D75DDA601A807B8C00988B18 /* Resources */,
				D71D6FCB1A7D78B2006D0456 /* Models */,
				D71D6FC41A7D72D6006D0456 /* Cells */,
				D71D6FA91A7D70FA006D0456 /* Libraries */,
				D71D6F841A7D6AE1006D0456 /* AppDelegate.h */,
				D71D6F851A7D6AE1006D0456 /* AppDelegate.m */,
				D71D6F801A7D6AE1006D0456 /* Supporting Files */,
				D75DDA611A807B9A00988B18 /* Controllers */,
			);
			path = "Orlando Walking Tours";
			sourceTree = "<group>";
		};
		D71D6F801A7D6AE1006D0456 /* Supporting Files */ = {
			isa = PBXGroup;
			children = (
				D71D6F811A7D6AE1006D0456 /* Info.plist */,
				D71D6F821A7D6AE1006D0456 /* main.m */,
			);
			name = "Supporting Files";
			sourceTree = "<group>";
		};
		D71D6F991A7D6AE1006D0456 /* Orlando Walking ToursTests */ = {
			isa = PBXGroup;
			children = (
				D71D6F9C1A7D6AE1006D0456 /* Orlando_Walking_ToursTests.m */,
				D71D6F9A1A7D6AE1006D0456 /* Supporting Files */,
			);
			path = "Orlando Walking ToursTests";
			sourceTree = "<group>";
		};
		D71D6F9A1A7D6AE1006D0456 /* Supporting Files */ = {
			isa = PBXGroup;
			children = (
				D71D6F9B1A7D6AE1006D0456 /* Info.plist */,
			);
			name = "Supporting Files";
			sourceTree = "<group>";
		};
		D71D6FA91A7D70FA006D0456 /* Libraries */ = {
			isa = PBXGroup;
			children = (
			);
			name = Libraries;
			sourceTree = "<group>";
		};
		D71D6FC41A7D72D6006D0456 /* Cells */ = {
			isa = PBXGroup;
			children = (
				D71D6FC51A7D72FA006D0456 /* TourTableViewCell.h */,
				D71D6FC61A7D72FA006D0456 /* TourTableViewCell.m */,
				D74F20AB1A89B83E00F2F894 /* HistoricLocationTableViewCell.h */,
				D74F20AC1A89B83E00F2F894 /* HistoricLocationTableViewCell.m */,
			);
			name = Cells;
			sourceTree = "<group>";
		};
		D71D6FCB1A7D78B2006D0456 /* Models */ = {
			isa = PBXGroup;
			children = (
				D75DDA621A807CB900988B18 /* Tour.h */,
				D75DDA631A807CB900988B18 /* Tour.m */,
				D71D6FD51A7D7E14006D0456 /* HistoricLocation.h */,
				D71D6FD61A7D7E14006D0456 /* HistoricLocation.m */,
				D71D6FDE1A7D8097006D0456 /* LocationTableViewCell.h */,
				D71D6FDF1A7D8097006D0456 /* LocationTableViewCell.m */,
			);
			name = Models;
			sourceTree = "<group>";
		};
		D74F20AE1A89C7FD00F2F894 /* Annotations */ = {
			isa = PBXGroup;
			children = (
				D74F20AF1A89C80C00F2F894 /* LocationAnnotationView.h */,
				D74F20B01A89C80C00F2F894 /* LocationAnnotationView.m */,
				D74F20B21A89C89600F2F894 /* LocationAnnotation.h */,
				D74F20B31A89C89600F2F894 /* LocationAnnotation.m */,
			);
			name = Annotations;
			sourceTree = "<group>";
		};
		D75DDA601A807B8C00988B18 /* Resources */ = {
			isa = PBXGroup;
			children = (
				D71D6FD21A7D7B77006D0456 /* WalkingTours.xcdatamodeld */,
				D71D6F8F1A7D6AE1006D0456 /* LaunchScreen.xib */,
				D71D6F8A1A7D6AE1006D0456 /* Main.storyboard */,
				D71D6F8D1A7D6AE1006D0456 /* Images.xcassets */,
			);
			name = Resources;
			sourceTree = "<group>";
		};
		D75DDA611A807B9A00988B18 /* Controllers */ = {
			isa = PBXGroup;
			children = (
				D75DDA671A8086B800988B18 /* Location List */,
				D75DDA661A8086B000988B18 /* Add Tour */,
				D75DDA651A8086A000988B18 /* Dashboard */,
				D71D6FE11A7D829C006D0456 /* LocationDetailViewController.h */,
				D71D6FE21A7D829C006D0456 /* LocationDetailViewController.m */,
				D71D6F871A7D6AE1006D0456 /* ViewController.h */,
				D71D6F881A7D6AE1006D0456 /* ViewController.m */,
				D75DDA681A8087A200988B18 /* TourDetailListViewController.h */,
				D75DDA691A8087A200988B18 /* TourDetailListViewController.m */,
			);
			name = Controllers;
			sourceTree = "<group>";
		};
		D75DDA651A8086A000988B18 /* Dashboard */ = {
			isa = PBXGroup;
			children = (
				D71D6FC11A7D720F006D0456 /* DashboardTableViewController.h */,
				D71D6FC21A7D720F006D0456 /* DashboardTableViewController.m */,
			);
			name = Dashboard;
			sourceTree = "<group>";
		};
		D75DDA661A8086B000988B18 /* Add Tour */ = {
			isa = PBXGroup;
			children = (
				D71D6FC81A7D76FB006D0456 /* AddTourViewController.h */,
				D71D6FC91A7D76FB006D0456 /* AddTourViewController.m */,
			);
			name = "Add Tour";
			sourceTree = "<group>";
		};
		D75DDA671A8086B800988B18 /* Location List */ = {
			isa = PBXGroup;
			children = (
				D71D6FCF1A7D79C6006D0456 /* LocationListTableViewController.h */,
				D71D6FD01A7D79C6006D0456 /* LocationListTableViewController.m */,
			);
			name = "Location List";
			sourceTree = "<group>";
		};
		F238666D1B2372C900D7CACC /* Categories */ = {
			isa = PBXGroup;
			children = (
				F238666E1B2372E500D7CACC /* NSArray+HistoricLocation.h */,
				F238666F1B2372E500D7CACC /* NSArray+HistoricLocation.m */,
			);
			name = Categories;
			sourceTree = "<group>";
		};
/* End PBXGroup section */

/* Begin PBXNativeTarget section */
		D71D6F7C1A7D6AE1006D0456 /* Orlando Walking Tours */ = {
			isa = PBXNativeTarget;
			buildConfigurationList = D71D6FA01A7D6AE1006D0456 /* Build configuration list for PBXNativeTarget "Orlando Walking Tours" */;
			buildPhases = (
				3F6D41D40955AD466868221A /* Check Pods Manifest.lock */,
				D71D6F791A7D6AE1006D0456 /* Sources */,
				D71D6F7A1A7D6AE1006D0456 /* Frameworks */,
				D71D6F7B1A7D6AE1006D0456 /* Resources */,
				935F19E057FA9C3B09EA44DB /* Copy Pods Resources */,
			);
			buildRules = (
			);
			dependencies = (
			);
			name = "Orlando Walking Tours";
			productName = "Orlando Walking Tours";
			productReference = D71D6F7D1A7D6AE1006D0456 /* Orlando Walking Tours.app */;
			productType = "com.apple.product-type.application";
		};
		D71D6F951A7D6AE1006D0456 /* Orlando Walking ToursTests */ = {
			isa = PBXNativeTarget;
			buildConfigurationList = D71D6FA31A7D6AE1006D0456 /* Build configuration list for PBXNativeTarget "Orlando Walking ToursTests" */;
			buildPhases = (
				D71D6F921A7D6AE1006D0456 /* Sources */,
				D71D6F931A7D6AE1006D0456 /* Frameworks */,
				D71D6F941A7D6AE1006D0456 /* Resources */,
			);
			buildRules = (
			);
			dependencies = (
				D71D6F981A7D6AE1006D0456 /* PBXTargetDependency */,
			);
			name = "Orlando Walking ToursTests";
			productName = "Orlando Walking ToursTests";
			productReference = D71D6F961A7D6AE1006D0456 /* Orlando Walking ToursTests.xctest */;
			productType = "com.apple.product-type.bundle.unit-test";
		};
/* End PBXNativeTarget section */

/* Begin PBXProject section */
		D71D6F751A7D6AE1006D0456 /* Project object */ = {
			isa = PBXProject;
			attributes = {
				LastUpgradeCheck = 0610;
				ORGANIZATIONNAME = "Andrew Kozlik";
				TargetAttributes = {
					D71D6F7C1A7D6AE1006D0456 = {
						CreatedOnToolsVersion = 6.1.1;
					};
					D71D6F951A7D6AE1006D0456 = {
						CreatedOnToolsVersion = 6.1.1;
						TestTargetID = D71D6F7C1A7D6AE1006D0456;
					};
				};
			};
			buildConfigurationList = D71D6F781A7D6AE1006D0456 /* Build configuration list for PBXProject "Orlando Walking Tours" */;
			compatibilityVersion = "Xcode 3.2";
			developmentRegion = English;
			hasScannedForEncodings = 0;
			knownRegions = (
				en,
				Base,
			);
			mainGroup = D71D6F741A7D6AE1006D0456;
			productRefGroup = D71D6F7E1A7D6AE1006D0456 /* Products */;
			projectDirPath = "";
			projectRoot = "";
			targets = (
				D71D6F7C1A7D6AE1006D0456 /* Orlando Walking Tours */,
				D71D6F951A7D6AE1006D0456 /* Orlando Walking ToursTests */,
			);
		};
/* End PBXProject section */

/* Begin PBXResourcesBuildPhase section */
		D71D6F7B1A7D6AE1006D0456 /* Resources */ = {
			isa = PBXResourcesBuildPhase;
			buildActionMask = 2147483647;
			files = (
				D71D6F8C1A7D6AE1006D0456 /* Main.storyboard in Resources */,
				D71D6F911A7D6AE1006D0456 /* LaunchScreen.xib in Resources */,
				D71D6F8E1A7D6AE1006D0456 /* Images.xcassets in Resources */,
			);
			runOnlyForDeploymentPostprocessing = 0;
		};
		D71D6F941A7D6AE1006D0456 /* Resources */ = {
			isa = PBXResourcesBuildPhase;
			buildActionMask = 2147483647;
			files = (
			);
			runOnlyForDeploymentPostprocessing = 0;
		};
/* End PBXResourcesBuildPhase section */

/* Begin PBXShellScriptBuildPhase section */
		3F6D41D40955AD466868221A /* Check Pods Manifest.lock */ = {
			isa = PBXShellScriptBuildPhase;
			buildActionMask = 2147483647;
			files = (
			);
			inputPaths = (
			);
			name = "Check Pods Manifest.lock";
			outputPaths = (
			);
			runOnlyForDeploymentPostprocessing = 0;
			shellPath = /bin/sh;
			shellScript = "diff \"${PODS_ROOT}/../Podfile.lock\" \"${PODS_ROOT}/Manifest.lock\" > /dev/null\nif [[ $? != 0 ]] ; then\n    cat << EOM\nerror: The sandbox is not in sync with the Podfile.lock. Run 'pod install' or update your CocoaPods installation.\nEOM\n    exit 1\nfi\n";
			showEnvVarsInLog = 0;
		};
		935F19E057FA9C3B09EA44DB /* Copy Pods Resources */ = {
			isa = PBXShellScriptBuildPhase;
			buildActionMask = 2147483647;
			files = (
			);
			inputPaths = (
			);
			name = "Copy Pods Resources";
			outputPaths = (
			);
			runOnlyForDeploymentPostprocessing = 0;
			shellPath = /bin/sh;
			shellScript = "\"${SRCROOT}/Pods/Target Support Files/Pods/Pods-resources.sh\"\n";
			showEnvVarsInLog = 0;
		};
/* End PBXShellScriptBuildPhase section */

/* Begin PBXSourcesBuildPhase section */
		D71D6F791A7D6AE1006D0456 /* Sources */ = {
			isa = PBXSourcesBuildPhase;
			buildActionMask = 2147483647;
			files = (
				F23866701B2372E500D7CACC /* NSArray+HistoricLocation.m in Sources */,
				D71D6FE31A7D829C006D0456 /* LocationDetailViewController.m in Sources */,
				D74F20AD1A89B83E00F2F894 /* HistoricLocationTableViewCell.m in Sources */,
				D71D6FD11A7D79C6006D0456 /* LocationListTableViewController.m in Sources */,
				D74F20B41A89C89600F2F894 /* LocationAnnotation.m in Sources */,
				D71D6FC31A7D720F006D0456 /* DashboardTableViewController.m in Sources */,
				D74F20B11A89C80C00F2F894 /* LocationAnnotationView.m in Sources */,
				D75DDA6A1A8087A200988B18 /* TourDetailListViewController.m in Sources */,
				D75DDA641A807CB900988B18 /* Tour.m in Sources */,
				D71D6FD41A7D7B77006D0456 /* WalkingTours.xcdatamodeld in Sources */,
				D71D6F891A7D6AE1006D0456 /* ViewController.m in Sources */,
				D71D6F861A7D6AE1006D0456 /* AppDelegate.m in Sources */,
				D71D6FD71A7D7E14006D0456 /* HistoricLocation.m in Sources */,
				D71D6F831A7D6AE1006D0456 /* main.m in Sources */,
				D71D6FCA1A7D76FB006D0456 /* AddTourViewController.m in Sources */,
				D71D6FE01A7D8097006D0456 /* LocationTableViewCell.m in Sources */,
				D71D6FC71A7D72FA006D0456 /* TourTableViewCell.m in Sources */,
			);
			runOnlyForDeploymentPostprocessing = 0;
		};
		D71D6F921A7D6AE1006D0456 /* Sources */ = {
			isa = PBXSourcesBuildPhase;
			buildActionMask = 2147483647;
			files = (
				D71D6F9D1A7D6AE1006D0456 /* Orlando_Walking_ToursTests.m in Sources */,
			);
			runOnlyForDeploymentPostprocessing = 0;
		};
/* End PBXSourcesBuildPhase section */

/* Begin PBXTargetDependency section */
		D71D6F981A7D6AE1006D0456 /* PBXTargetDependency */ = {
			isa = PBXTargetDependency;
			target = D71D6F7C1A7D6AE1006D0456 /* Orlando Walking Tours */;
			targetProxy = D71D6F971A7D6AE1006D0456 /* PBXContainerItemProxy */;
		};
/* End PBXTargetDependency section */

/* Begin PBXVariantGroup section */
		D71D6F8A1A7D6AE1006D0456 /* Main.storyboard */ = {
			isa = PBXVariantGroup;
			children = (
				D71D6F8B1A7D6AE1006D0456 /* Base */,
			);
			name = Main.storyboard;
			sourceTree = "<group>";
		};
		D71D6F8F1A7D6AE1006D0456 /* LaunchScreen.xib */ = {
			isa = PBXVariantGroup;
			children = (
				D71D6F901A7D6AE1006D0456 /* Base */,
			);
			name = LaunchScreen.xib;
			sourceTree = "<group>";
		};
/* End PBXVariantGroup section */

/* Begin XCBuildConfiguration section */
		D71D6F9E1A7D6AE1006D0456 /* Debug */ = {
			isa = XCBuildConfiguration;
			buildSettings = {
				ALWAYS_SEARCH_USER_PATHS = NO;
				CLANG_CXX_LANGUAGE_STANDARD = "gnu++0x";
				CLANG_CXX_LIBRARY = "libc++";
				CLANG_ENABLE_MODULES = YES;
				CLANG_ENABLE_OBJC_ARC = YES;
				CLANG_WARN_BOOL_CONVERSION = YES;
				CLANG_WARN_CONSTANT_CONVERSION = YES;
				CLANG_WARN_DIRECT_OBJC_ISA_USAGE = YES_ERROR;
				CLANG_WARN_EMPTY_BODY = YES;
				CLANG_WARN_ENUM_CONVERSION = YES;
				CLANG_WARN_INT_CONVERSION = YES;
				CLANG_WARN_OBJC_ROOT_CLASS = YES_ERROR;
				CLANG_WARN_UNREACHABLE_CODE = YES;
				CLANG_WARN__DUPLICATE_METHOD_MATCH = YES;
				"CODE_SIGN_IDENTITY[sdk=iphoneos*]" = "iPhone Developer";
				COPY_PHASE_STRIP = NO;
				ENABLE_STRICT_OBJC_MSGSEND = YES;
				GCC_C_LANGUAGE_STANDARD = gnu99;
				GCC_DYNAMIC_NO_PIC = NO;
				GCC_OPTIMIZATION_LEVEL = 0;
				GCC_PREPROCESSOR_DEFINITIONS = (
					"DEBUG=1",
					"$(inherited)",
				);
				GCC_SYMBOLS_PRIVATE_EXTERN = NO;
				GCC_WARN_64_TO_32_BIT_CONVERSION = YES;
				GCC_WARN_ABOUT_RETURN_TYPE = YES_ERROR;
				GCC_WARN_UNDECLARED_SELECTOR = YES;
				GCC_WARN_UNINITIALIZED_AUTOS = YES_AGGRESSIVE;
				GCC_WARN_UNUSED_FUNCTION = YES;
				GCC_WARN_UNUSED_VARIABLE = YES;
				IPHONEOS_DEPLOYMENT_TARGET = 8.1;
				MTL_ENABLE_DEBUG_INFO = YES;
				ONLY_ACTIVE_ARCH = YES;
				SDKROOT = iphoneos;
			};
			name = Debug;
		};
		D71D6F9F1A7D6AE1006D0456 /* Release */ = {
			isa = XCBuildConfiguration;
			buildSettings = {
				ALWAYS_SEARCH_USER_PATHS = NO;
				CLANG_CXX_LANGUAGE_STANDARD = "gnu++0x";
				CLANG_CXX_LIBRARY = "libc++";
				CLANG_ENABLE_MODULES = YES;
				CLANG_ENABLE_OBJC_ARC = YES;
				CLANG_WARN_BOOL_CONVERSION = YES;
				CLANG_WARN_CONSTANT_CONVERSION = YES;
				CLANG_WARN_DIRECT_OBJC_ISA_USAGE = YES_ERROR;
				CLANG_WARN_EMPTY_BODY = YES;
				CLANG_WARN_ENUM_CONVERSION = YES;
				CLANG_WARN_INT_CONVERSION = YES;
				CLANG_WARN_OBJC_ROOT_CLASS = YES_ERROR;
				CLANG_WARN_UNREACHABLE_CODE = YES;
				CLANG_WARN__DUPLICATE_METHOD_MATCH = YES;
				"CODE_SIGN_IDENTITY[sdk=iphoneos*]" = "iPhone Developer";
				COPY_PHASE_STRIP = YES;
				ENABLE_NS_ASSERTIONS = NO;
				ENABLE_STRICT_OBJC_MSGSEND = YES;
				GCC_C_LANGUAGE_STANDARD = gnu99;
				GCC_WARN_64_TO_32_BIT_CONVERSION = YES;
				GCC_WARN_ABOUT_RETURN_TYPE = YES_ERROR;
				GCC_WARN_UNDECLARED_SELECTOR = YES;
				GCC_WARN_UNINITIALIZED_AUTOS = YES_AGGRESSIVE;
				GCC_WARN_UNUSED_FUNCTION = YES;
				GCC_WARN_UNUSED_VARIABLE = YES;
				IPHONEOS_DEPLOYMENT_TARGET = 8.1;
				MTL_ENABLE_DEBUG_INFO = NO;
				SDKROOT = iphoneos;
				VALIDATE_PRODUCT = YES;
			};
			name = Release;
		};
		D71D6FA11A7D6AE1006D0456 /* Debug */ = {
			isa = XCBuildConfiguration;
			baseConfigurationReference = 86A25B6EAB3019B980F120A3 /* Pods.debug.xcconfig */;
			buildSettings = {
				ASSETCATALOG_COMPILER_APPICON_NAME = AppIcon;
				HEADER_SEARCH_PATHS = (
					"$(inherited)",
					/Applications/Xcode.app/Contents/Developer/Toolchains/XcodeDefault.xctoolchain/usr/include,
					"$(SRCROOT)/Vendor/MagicalRecord/MagicalRecord/**",
				);
				INFOPLIST_FILE = "Orlando Walking Tours/Info.plist";
				LD_RUNPATH_SEARCH_PATHS = "$(inherited) @executable_path/Frameworks";
				PRODUCT_NAME = "$(TARGET_NAME)";
			};
			name = Debug;
		};
		D71D6FA21A7D6AE1006D0456 /* Release */ = {
			isa = XCBuildConfiguration;
			baseConfigurationReference = D3332DE95C1757DA9D22E830 /* Pods.release.xcconfig */;
			buildSettings = {
				ASSETCATALOG_COMPILER_APPICON_NAME = AppIcon;
				HEADER_SEARCH_PATHS = (
					"$(inherited)",
					/Applications/Xcode.app/Contents/Developer/Toolchains/XcodeDefault.xctoolchain/usr/include,
					"$(SRCROOT)/Vendor/MagicalRecord/MagicalRecord/**",
				);
				INFOPLIST_FILE = "Orlando Walking Tours/Info.plist";
				LD_RUNPATH_SEARCH_PATHS = "$(inherited) @executable_path/Frameworks";
				PRODUCT_NAME = "$(TARGET_NAME)";
			};
			name = Release;
		};
		D71D6FA41A7D6AE1006D0456 /* Debug */ = {
			isa = XCBuildConfiguration;
			buildSettings = {
				BUNDLE_LOADER = "$(TEST_HOST)";
				FRAMEWORK_SEARCH_PATHS = (
					"$(SDKROOT)/Developer/Library/Frameworks",
					"$(inherited)",
				);
				GCC_PREPROCESSOR_DEFINITIONS = (
					"DEBUG=1",
					"$(inherited)",
				);
				INFOPLIST_FILE = "Orlando Walking ToursTests/Info.plist";
				LD_RUNPATH_SEARCH_PATHS = "$(inherited) @executable_path/Frameworks @loader_path/Frameworks";
				PRODUCT_NAME = "$(TARGET_NAME)";
				TEST_HOST = "$(BUILT_PRODUCTS_DIR)/Orlando Walking Tours.app/Orlando Walking Tours";
			};
			name = Debug;
		};
		D71D6FA51A7D6AE1006D0456 /* Release */ = {
			isa = XCBuildConfiguration;
			buildSettings = {
				BUNDLE_LOADER = "$(TEST_HOST)";
				FRAMEWORK_SEARCH_PATHS = (
					"$(SDKROOT)/Developer/Library/Frameworks",
					"$(inherited)",
				);
				INFOPLIST_FILE = "Orlando Walking ToursTests/Info.plist";
				LD_RUNPATH_SEARCH_PATHS = "$(inherited) @executable_path/Frameworks @loader_path/Frameworks";
				PRODUCT_NAME = "$(TARGET_NAME)";
				TEST_HOST = "$(BUILT_PRODUCTS_DIR)/Orlando Walking Tours.app/Orlando Walking Tours";
			};
			name = Release;
		};
/* End XCBuildConfiguration section */

/* Begin XCConfigurationList section */
		D71D6F781A7D6AE1006D0456 /* Build configuration list for PBXProject "Orlando Walking Tours" */ = {
			isa = XCConfigurationList;
			buildConfigurations = (
				D71D6F9E1A7D6AE1006D0456 /* Debug */,
				D71D6F9F1A7D6AE1006D0456 /* Release */,
			);
			defaultConfigurationIsVisible = 0;
			defaultConfigurationName = Release;
		};
		D71D6FA01A7D6AE1006D0456 /* Build configuration list for PBXNativeTarget "Orlando Walking Tours" */ = {
			isa = XCConfigurationList;
			buildConfigurations = (
				D71D6FA11A7D6AE1006D0456 /* Debug */,
				D71D6FA21A7D6AE1006D0456 /* Release */,
			);
			defaultConfigurationIsVisible = 0;
			defaultConfigurationName = Release;
		};
		D71D6FA31A7D6AE1006D0456 /* Build configuration list for PBXNativeTarget "Orlando Walking ToursTests" */ = {
			isa = XCConfigurationList;
			buildConfigurations = (
				D71D6FA41A7D6AE1006D0456 /* Debug */,
				D71D6FA51A7D6AE1006D0456 /* Release */,
			);
			defaultConfigurationIsVisible = 0;
			defaultConfigurationName = Release;
		};
/* End XCConfigurationList section */

/* Begin XCVersionGroup section */
		D71D6FD21A7D7B77006D0456 /* WalkingTours.xcdatamodeld */ = {
			isa = XCVersionGroup;
			children = (
				D71D6FD31A7D7B77006D0456 /* WalkingTours.xcdatamodel */,
			);
			currentVersion = D71D6FD31A7D7B77006D0456 /* WalkingTours.xcdatamodel */;
			name = WalkingTours.xcdatamodeld;
			path = ../WalkingTours.xcdatamodeld;
			sourceTree = "<group>";
			versionGroupType = wrapper.xcdatamodel;
		};
/* End XCVersionGroup section */
	};
	rootObject = D71D6F751A7D6AE1006D0456 /* Project object */;
}
