// !$*UTF8*$!
{
	archiveVersion = 1;
	classes = {
	};
	objectVersion = 46;
	objects = {

/* Begin PBXBuildFile section */
		42013C261CDF8CFD0030D2F8 /* LocationMapVC.swift in Sources */ = {isa = PBXBuildFile; fileRef = 42013C251CDF8CFD0030D2F8 /* LocationMapVC.swift */; };
		42013C291CE02E290030D2F8 /* LocationAnnotation.swift in Sources */ = {isa = PBXBuildFile; fileRef = 42013C281CE02E290030D2F8 /* LocationAnnotation.swift */; };
		420B82CE1CE0D6B0005ED879 /* DataService.swift in Sources */ = {isa = PBXBuildFile; fileRef = 420B82CD1CE0D6B0005ED879 /* DataService.swift */; };
		42BAF2B41CDE9F470095324B /* Tour+CoreDataProperties.swift in Sources */ = {isa = PBXBuildFile; fileRef = 42BAF2B01CDE9F470095324B /* Tour+CoreDataProperties.swift */; };
		42BAF2B51CDE9F470095324B /* Tour.swift in Sources */ = {isa = PBXBuildFile; fileRef = 42BAF2B11CDE9F470095324B /* Tour.swift */; };
		42BAF2B61CDE9F470095324B /* HistoricLocation+CoreDataProperties.swift in Sources */ = {isa = PBXBuildFile; fileRef = 42BAF2B21CDE9F470095324B /* HistoricLocation+CoreDataProperties.swift */; };
		42BAF2B71CDE9F470095324B /* HistoricLocation.swift in Sources */ = {isa = PBXBuildFile; fileRef = 42BAF2B31CDE9F470095324B /* HistoricLocation.swift */; };
		42C0C74E1D031CA000073F90 /* DashboardVC.swift in Sources */ = {isa = PBXBuildFile; fileRef = 42C0C74D1D031CA000073F90 /* DashboardVC.swift */; };
		42C0C7521D031D1300073F90 /* LocationListVC.swift in Sources */ = {isa = PBXBuildFile; fileRef = 42C0C7511D031D1300073F90 /* LocationListVC.swift */; };
		42C0C7541D031D3400073F90 /* LocationDetailVC.swift in Sources */ = {isa = PBXBuildFile; fileRef = 42C0C7531D031D3400073F90 /* LocationDetailVC.swift */; };
		42C0C75D1D032AD100073F90 /* Dashboard.storyboard in Resources */ = {isa = PBXBuildFile; fileRef = 42C0C75C1D032AD100073F90 /* Dashboard.storyboard */; };
		42C0C75F1D032B2200073F90 /* LocationList.storyboard in Resources */ = {isa = PBXBuildFile; fileRef = 42C0C75E1D032B2200073F90 /* LocationList.storyboard */; };
		42C0C7611D032B4B00073F90 /* LocationDetails.storyboard in Resources */ = {isa = PBXBuildFile; fileRef = 42C0C7601D032B4B00073F90 /* LocationDetails.storyboard */; };
		42CBE2291CDA8CE400F9E6D5 /* AppDelegate.swift in Sources */ = {isa = PBXBuildFile; fileRef = 42CBE2281CDA8CE400F9E6D5 /* AppDelegate.swift */; };
		42CBE22E1CDA8CE400F9E6D5 /* Main.storyboard in Resources */ = {isa = PBXBuildFile; fileRef = 42CBE22C1CDA8CE400F9E6D5 /* Main.storyboard */; };
		42CBE2311CDA8CE400F9E6D5 /* WalkingTours.xcdatamodeld in Sources */ = {isa = PBXBuildFile; fileRef = 42CBE22F1CDA8CE400F9E6D5 /* WalkingTours.xcdatamodeld */; };
		42CBE2331CDA8CE400F9E6D5 /* Assets.xcassets in Resources */ = {isa = PBXBuildFile; fileRef = 42CBE2321CDA8CE400F9E6D5 /* Assets.xcassets */; };
		42CBE2361CDA8CE400F9E6D5 /* LaunchScreen.storyboard in Resources */ = {isa = PBXBuildFile; fileRef = 42CBE2341CDA8CE400F9E6D5 /* LaunchScreen.storyboard */; };
		5D8213A90A7715271CD891DF /* Pods_Orlando_Walking_Tours.framework in Frameworks */ = {isa = PBXBuildFile; fileRef = 3419C47342AB5AC70E979EBF /* Pods_Orlando_Walking_Tours.framework */; };
/* End PBXBuildFile section */

/* Begin PBXFileReference section */
		3419C47342AB5AC70E979EBF /* Pods_Orlando_Walking_Tours.framework */ = {isa = PBXFileReference; explicitFileType = wrapper.framework; includeInIndex = 0; path = Pods_Orlando_Walking_Tours.framework; sourceTree = BUILT_PRODUCTS_DIR; };
		42013C251CDF8CFD0030D2F8 /* LocationMapVC.swift */ = {isa = PBXFileReference; fileEncoding = 4; lastKnownFileType = sourcecode.swift; name = LocationMapVC.swift; path = Controllers/LocationMapVC.swift; sourceTree = "<group>"; };
		42013C281CE02E290030D2F8 /* LocationAnnotation.swift */ = {isa = PBXFileReference; fileEncoding = 4; lastKnownFileType = sourcecode.swift; name = LocationAnnotation.swift; path = Annotations/LocationAnnotation.swift; sourceTree = "<group>"; };
		420B82CD1CE0D6B0005ED879 /* DataService.swift */ = {isa = PBXFileReference; fileEncoding = 4; lastKnownFileType = sourcecode.swift; name = DataService.swift; path = Services/DataService.swift; sourceTree = "<group>"; };
		42BAF2B01CDE9F470095324B /* Tour+CoreDataProperties.swift */ = {isa = PBXFileReference; fileEncoding = 4; lastKnownFileType = sourcecode.swift; name = "Tour+CoreDataProperties.swift"; path = "Models/Tour+CoreDataProperties.swift"; sourceTree = "<group>"; };
		42BAF2B11CDE9F470095324B /* Tour.swift */ = {isa = PBXFileReference; fileEncoding = 4; lastKnownFileType = sourcecode.swift; name = Tour.swift; path = Models/Tour.swift; sourceTree = "<group>"; };
		42BAF2B21CDE9F470095324B /* HistoricLocation+CoreDataProperties.swift */ = {isa = PBXFileReference; fileEncoding = 4; lastKnownFileType = sourcecode.swift; name = "HistoricLocation+CoreDataProperties.swift"; path = "Models/HistoricLocation+CoreDataProperties.swift"; sourceTree = "<group>"; };
		42BAF2B31CDE9F470095324B /* HistoricLocation.swift */ = {isa = PBXFileReference; fileEncoding = 4; lastKnownFileType = sourcecode.swift; name = HistoricLocation.swift; path = Models/HistoricLocation.swift; sourceTree = "<group>"; };
		42C0C74D1D031CA000073F90 /* DashboardVC.swift */ = {isa = PBXFileReference; fileEncoding = 4; lastKnownFileType = sourcecode.swift; name = DashboardVC.swift; path = Controllers/DashboardVC.swift; sourceTree = "<group>"; };
		42C0C7511D031D1300073F90 /* LocationListVC.swift */ = {isa = PBXFileReference; fileEncoding = 4; lastKnownFileType = sourcecode.swift; name = LocationListVC.swift; path = Controllers/LocationListVC.swift; sourceTree = "<group>"; };
		42C0C7531D031D3400073F90 /* LocationDetailVC.swift */ = {isa = PBXFileReference; fileEncoding = 4; lastKnownFileType = sourcecode.swift; name = LocationDetailVC.swift; path = Controllers/LocationDetailVC.swift; sourceTree = "<group>"; };
		42C0C75C1D032AD100073F90 /* Dashboard.storyboard */ = {isa = PBXFileReference; fileEncoding = 4; lastKnownFileType = file.storyboard; name = Dashboard.storyboard; path = Storyboards/Dashboard.storyboard; sourceTree = "<group>"; };
		42C0C75E1D032B2200073F90 /* LocationList.storyboard */ = {isa = PBXFileReference; fileEncoding = 4; lastKnownFileType = file.storyboard; name = LocationList.storyboard; path = Storyboards/LocationList.storyboard; sourceTree = "<group>"; };
		42C0C7601D032B4B00073F90 /* LocationDetails.storyboard */ = {isa = PBXFileReference; fileEncoding = 4; lastKnownFileType = file.storyboard; name = LocationDetails.storyboard; path = Storyboards/LocationDetails.storyboard; sourceTree = "<group>"; };
		42CBE2251CDA8CE400F9E6D5 /* Orlando Walking Tours.app */ = {isa = PBXFileReference; explicitFileType = wrapper.application; includeInIndex = 0; path = "Orlando Walking Tours.app"; sourceTree = BUILT_PRODUCTS_DIR; };
		42CBE2281CDA8CE400F9E6D5 /* AppDelegate.swift */ = {isa = PBXFileReference; lastKnownFileType = sourcecode.swift; path = AppDelegate.swift; sourceTree = "<group>"; };
		42CBE22D1CDA8CE400F9E6D5 /* Base */ = {isa = PBXFileReference; lastKnownFileType = file.storyboard; name = Base; path = Base.lproj/Main.storyboard; sourceTree = "<group>"; };
		42CBE2301CDA8CE400F9E6D5 /* WalkingTours.xcdatamodel */ = {isa = PBXFileReference; lastKnownFileType = wrapper.xcdatamodel; path = WalkingTours.xcdatamodel; sourceTree = "<group>"; };
		42CBE2321CDA8CE400F9E6D5 /* Assets.xcassets */ = {isa = PBXFileReference; lastKnownFileType = folder.assetcatalog; path = Assets.xcassets; sourceTree = "<group>"; };
		42CBE2351CDA8CE400F9E6D5 /* Base */ = {isa = PBXFileReference; lastKnownFileType = file.storyboard; name = Base; path = Base.lproj/LaunchScreen.storyboard; sourceTree = "<group>"; };
		42CBE2371CDA8CE400F9E6D5 /* Info.plist */ = {isa = PBXFileReference; lastKnownFileType = text.plist.xml; path = Info.plist; sourceTree = "<group>"; };
		9F6D603AA137619871E8F49E /* Pods-Orlando Walking Tours.debug.xcconfig */ = {isa = PBXFileReference; includeInIndex = 1; lastKnownFileType = text.xcconfig; name = "Pods-Orlando Walking Tours.debug.xcconfig"; path = "Pods/Target Support Files/Pods-Orlando Walking Tours/Pods-Orlando Walking Tours.debug.xcconfig"; sourceTree = "<group>"; };
		BD394CBD8239958404C56842 /* Pods-Orlando Walking Tours.release.xcconfig */ = {isa = PBXFileReference; includeInIndex = 1; lastKnownFileType = text.xcconfig; name = "Pods-Orlando Walking Tours.release.xcconfig"; path = "Pods/Target Support Files/Pods-Orlando Walking Tours/Pods-Orlando Walking Tours.release.xcconfig"; sourceTree = "<group>"; };
/* End PBXFileReference section */

/* Begin PBXFrameworksBuildPhase section */
		42CBE2221CDA8CE400F9E6D5 /* Frameworks */ = {
			isa = PBXFrameworksBuildPhase;
			buildActionMask = 2147483647;
			files = (
				5D8213A90A7715271CD891DF /* Pods_Orlando_Walking_Tours.framework in Frameworks */,
			);
			runOnlyForDeploymentPostprocessing = 0;
		};
/* End PBXFrameworksBuildPhase section */

/* Begin PBXGroup section */
		0593A22B4EAB3E0208EE4B98 /* Frameworks */ = {
			isa = PBXGroup;
			children = (
				3419C47342AB5AC70E979EBF /* Pods_Orlando_Walking_Tours.framework */,
			);
			name = Frameworks;
			sourceTree = "<group>";
		};
		42013C271CE02E050030D2F8 /* Annotations */ = {
			isa = PBXGroup;
			children = (
				42013C281CE02E290030D2F8 /* LocationAnnotation.swift */,
			);
			name = Annotations;
			sourceTree = "<group>";
		};
		420B82CC1CE0D603005ED879 /* Services */ = {
			isa = PBXGroup;
			children = (
				420B82CD1CE0D6B0005ED879 /* DataService.swift */,
			);
			name = Services;
			sourceTree = "<group>";
		};
		42BAF2B81CDE9F500095324B /* Generated */ = {
			isa = PBXGroup;
			children = (
				42BAF2B21CDE9F470095324B /* HistoricLocation+CoreDataProperties.swift */,
				42BAF2B01CDE9F470095324B /* Tour+CoreDataProperties.swift */,
			);
			name = Generated;
			sourceTree = "<group>";
		};
		42C0C7551D0329CE00073F90 /* Storyboards */ = {
			isa = PBXGroup;
			children = (
				42CBE22C1CDA8CE400F9E6D5 /* Main.storyboard */,
				42C0C7601D032B4B00073F90 /* LocationDetails.storyboard */,
				42C0C75E1D032B2200073F90 /* LocationList.storyboard */,
				42C0C75C1D032AD100073F90 /* Dashboard.storyboard */,
				42CBE2341CDA8CE400F9E6D5 /* LaunchScreen.storyboard */,
			);
			name = Storyboards;
			sourceTree = "<group>";
		};
		42CBE21C1CDA8CE400F9E6D5 = {
			isa = PBXGroup;
			children = (
				42CBE2271CDA8CE400F9E6D5 /* Orlando Walking Tours */,
				42CBE2261CDA8CE400F9E6D5 /* Products */,
				E61810D3C452E2D370202493 /* Pods */,
				0593A22B4EAB3E0208EE4B98 /* Frameworks */,
			);
			sourceTree = "<group>";
		};
		42CBE2261CDA8CE400F9E6D5 /* Products */ = {
			isa = PBXGroup;
			children = (
				42CBE2251CDA8CE400F9E6D5 /* Orlando Walking Tours.app */,
			);
			name = Products;
			sourceTree = "<group>";
		};
		42CBE2271CDA8CE400F9E6D5 /* Orlando Walking Tours */ = {
			isa = PBXGroup;
			children = (
				42C0C7551D0329CE00073F90 /* Storyboards */,
				420B82CC1CE0D603005ED879 /* Services */,
				42013C271CE02E050030D2F8 /* Annotations */,
				42CBE23F1CDA8D7A00F9E6D5 /* Controllers */,
				42CBE23E1CDA8D7300F9E6D5 /* Models */,
				42CBE23D1CDA8D3800F9E6D5 /* Resources */,
				42CBE2281CDA8CE400F9E6D5 /* AppDelegate.swift */,
				42CBE2371CDA8CE400F9E6D5 /* Info.plist */,
			);
			path = "Orlando Walking Tours";
			sourceTree = "<group>";
		};
		42CBE23D1CDA8D3800F9E6D5 /* Resources */ = {
			isa = PBXGroup;
			children = (
				42CBE22F1CDA8CE400F9E6D5 /* WalkingTours.xcdatamodeld */,
				42CBE2321CDA8CE400F9E6D5 /* Assets.xcassets */,
			);
			name = Resources;
			sourceTree = "<group>";
		};
		42CBE23E1CDA8D7300F9E6D5 /* Models */ = {
			isa = PBXGroup;
			children = (
				42BAF2B81CDE9F500095324B /* Generated */,
				42BAF2B11CDE9F470095324B /* Tour.swift */,
				42BAF2B31CDE9F470095324B /* HistoricLocation.swift */,
			);
			name = Models;
			sourceTree = "<group>";
		};
		42CBE23F1CDA8D7A00F9E6D5 /* Controllers */ = {
			isa = PBXGroup;
			children = (
				42013C251CDF8CFD0030D2F8 /* LocationMapVC.swift */,
				42C0C74D1D031CA000073F90 /* DashboardVC.swift */,
				42C0C7511D031D1300073F90 /* LocationListVC.swift */,
				42C0C7531D031D3400073F90 /* LocationDetailVC.swift */,
			);
			name = Controllers;
			sourceTree = "<group>";
		};
		E61810D3C452E2D370202493 /* Pods */ = {
			isa = PBXGroup;
			children = (
				9F6D603AA137619871E8F49E /* Pods-Orlando Walking Tours.debug.xcconfig */,
				BD394CBD8239958404C56842 /* Pods-Orlando Walking Tours.release.xcconfig */,
			);
			name = Pods;
			sourceTree = "<group>";
		};
/* End PBXGroup section */

/* Begin PBXNativeTarget section */
		42CBE2241CDA8CE400F9E6D5 /* Orlando Walking Tours */ = {
			isa = PBXNativeTarget;
			buildConfigurationList = 42CBE23A1CDA8CE400F9E6D5 /* Build configuration list for PBXNativeTarget "Orlando Walking Tours" */;
			buildPhases = (
				9CF49C20A1245424405B01C2 /* [CP] Check Pods Manifest.lock */,
				42CBE2211CDA8CE400F9E6D5 /* Sources */,
				42CBE2221CDA8CE400F9E6D5 /* Frameworks */,
				42CBE2231CDA8CE400F9E6D5 /* Resources */,
				28DE774502C2321ECC004E7D /* [CP] Embed Pods Frameworks */,
				94C51584AC09CEEA8F0E0F39 /* [CP] Copy Pods Resources */,
			);
			buildRules = (
			);
			dependencies = (
			);
			name = "Orlando Walking Tours";
			productName = "Orlando Walking Tours";
			productReference = 42CBE2251CDA8CE400F9E6D5 /* Orlando Walking Tours.app */;
			productType = "com.apple.product-type.application";
		};
/* End PBXNativeTarget section */

/* Begin PBXProject section */
		42CBE21D1CDA8CE400F9E6D5 /* Project object */ = {
			isa = PBXProject;
			attributes = {
				LastSwiftUpdateCheck = 0730;
				LastUpgradeCheck = 0730;
				ORGANIZATIONNAME = "Code for Orlando";
				TargetAttributes = {
					42CBE2241CDA8CE400F9E6D5 = {
						CreatedOnToolsVersion = 7.3;
					};
				};
			};
			buildConfigurationList = 42CBE2201CDA8CE400F9E6D5 /* Build configuration list for PBXProject "Orlando Walking Tours" */;
			compatibilityVersion = "Xcode 3.2";
			developmentRegion = English;
			hasScannedForEncodings = 0;
			knownRegions = (
				en,
				Base,
			);
			mainGroup = 42CBE21C1CDA8CE400F9E6D5;
			productRefGroup = 42CBE2261CDA8CE400F9E6D5 /* Products */;
			projectDirPath = "";
			projectRoot = "";
			targets = (
				42CBE2241CDA8CE400F9E6D5 /* Orlando Walking Tours */,
			);
		};
/* End PBXProject section */

/* Begin PBXResourcesBuildPhase section */
		42CBE2231CDA8CE400F9E6D5 /* Resources */ = {
			isa = PBXResourcesBuildPhase;
			buildActionMask = 2147483647;
			files = (
				42CBE2361CDA8CE400F9E6D5 /* LaunchScreen.storyboard in Resources */,
				42CBE2331CDA8CE400F9E6D5 /* Assets.xcassets in Resources */,
				42C0C75F1D032B2200073F90 /* LocationList.storyboard in Resources */,
				42CBE22E1CDA8CE400F9E6D5 /* Main.storyboard in Resources */,
				42C0C7611D032B4B00073F90 /* LocationDetails.storyboard in Resources */,
				42C0C75D1D032AD100073F90 /* Dashboard.storyboard in Resources */,
			);
			runOnlyForDeploymentPostprocessing = 0;
		};
/* End PBXResourcesBuildPhase section */

/* Begin PBXShellScriptBuildPhase section */
		28DE774502C2321ECC004E7D /* [CP] Embed Pods Frameworks */ = {
			isa = PBXShellScriptBuildPhase;
			buildActionMask = 2147483647;
			files = (
			);
			inputPaths = (
			);
			name = "[CP] Embed Pods Frameworks";
			outputPaths = (
			);
			runOnlyForDeploymentPostprocessing = 0;
			shellPath = /bin/sh;
			shellScript = "\"${SRCROOT}/Pods/Target Support Files/Pods-Orlando Walking Tours/Pods-Orlando Walking Tours-frameworks.sh\"\n";
			showEnvVarsInLog = 0;
		};
		94C51584AC09CEEA8F0E0F39 /* [CP] Copy Pods Resources */ = {
			isa = PBXShellScriptBuildPhase;
			buildActionMask = 2147483647;
			files = (
			);
			inputPaths = (
			);
			name = "[CP] Copy Pods Resources";
			outputPaths = (
			);
			runOnlyForDeploymentPostprocessing = 0;
			shellPath = /bin/sh;
			shellScript = "\"${SRCROOT}/Pods/Target Support Files/Pods-Orlando Walking Tours/Pods-Orlando Walking Tours-resources.sh\"\n";
			showEnvVarsInLog = 0;
		};
		9CF49C20A1245424405B01C2 /* [CP] Check Pods Manifest.lock */ = {
			isa = PBXShellScriptBuildPhase;
			buildActionMask = 2147483647;
			files = (
			);
			inputPaths = (
			);
			name = "[CP] Check Pods Manifest.lock";
			outputPaths = (
			);
			runOnlyForDeploymentPostprocessing = 0;
			shellPath = /bin/sh;
			shellScript = "diff \"${PODS_ROOT}/../Podfile.lock\" \"${PODS_ROOT}/Manifest.lock\" > /dev/null\nif [[ $? != 0 ]] ; then\n    cat << EOM\nerror: The sandbox is not in sync with the Podfile.lock. Run 'pod install' or update your CocoaPods installation.\nEOM\n    exit 1\nfi\n";
			showEnvVarsInLog = 0;
		};
/* End PBXShellScriptBuildPhase section */

/* Begin PBXSourcesBuildPhase section */
		42CBE2211CDA8CE400F9E6D5 /* Sources */ = {
			isa = PBXSourcesBuildPhase;
			buildActionMask = 2147483647;
			files = (
				420B82CE1CE0D6B0005ED879 /* DataService.swift in Sources */,
				42C0C7541D031D3400073F90 /* LocationDetailVC.swift in Sources */,
				42C0C74E1D031CA000073F90 /* DashboardVC.swift in Sources */,
				42CBE2311CDA8CE400F9E6D5 /* WalkingTours.xcdatamodeld in Sources */,
				42BAF2B41CDE9F470095324B /* Tour+CoreDataProperties.swift in Sources */,
				42BAF2B51CDE9F470095324B /* Tour.swift in Sources */,
				42C0C7521D031D1300073F90 /* LocationListVC.swift in Sources */,
				42BAF2B71CDE9F470095324B /* HistoricLocation.swift in Sources */,
				42CBE2291CDA8CE400F9E6D5 /* AppDelegate.swift in Sources */,
				42BAF2B61CDE9F470095324B /* HistoricLocation+CoreDataProperties.swift in Sources */,
				42013C261CDF8CFD0030D2F8 /* LocationMapVC.swift in Sources */,
				42013C291CE02E290030D2F8 /* LocationAnnotation.swift in Sources */,
			);
			runOnlyForDeploymentPostprocessing = 0;
		};
/* End PBXSourcesBuildPhase section */

/* Begin PBXVariantGroup section */
		42CBE22C1CDA8CE400F9E6D5 /* Main.storyboard */ = {
			isa = PBXVariantGroup;
			children = (
				42CBE22D1CDA8CE400F9E6D5 /* Base */,
			);
			name = Main.storyboard;
			sourceTree = "<group>";
		};
		42CBE2341CDA8CE400F9E6D5 /* LaunchScreen.storyboard */ = {
			isa = PBXVariantGroup;
			children = (
				42CBE2351CDA8CE400F9E6D5 /* Base */,
			);
			name = LaunchScreen.storyboard;
			sourceTree = "<group>";
		};
/* End PBXVariantGroup section */

/* Begin XCBuildConfiguration section */
		42CBE2381CDA8CE400F9E6D5 /* Debug */ = {
			isa = XCBuildConfiguration;
			buildSettings = {
				ALWAYS_SEARCH_USER_PATHS = NO;
				CLANG_ANALYZER_NONNULL = YES;
				CLANG_CXX_LANGUAGE_STANDARD = "gnu++0x";
				CLANG_CXX_LIBRARY = "libc++";
				CLANG_ENABLE_MODULES = YES;
				CLANG_ENABLE_OBJC_ARC = YES;
				CLANG_WARN_BOOL_CONVERSION = YES;
				CLANG_WARN_CONSTANT_CONVERSION = YES;
				CLANG_WARN_DIRECT_OBJC_ISA_USAGE = YES_ERROR;
				CLANG_WARN_EMPTY_BODY = YES;
				CLANG_WARN_ENUM_CONVERSION = YES;
				CLANG_WARN_INT_CONVERSION = YES;
				CLANG_WARN_OBJC_ROOT_CLASS = YES_ERROR;
				CLANG_WARN_UNREACHABLE_CODE = YES;
				CLANG_WARN__DUPLICATE_METHOD_MATCH = YES;
				"CODE_SIGN_IDENTITY[sdk=iphoneos*]" = "iPhone Developer";
				COPY_PHASE_STRIP = NO;
				DEBUG_INFORMATION_FORMAT = dwarf;
				ENABLE_STRICT_OBJC_MSGSEND = YES;
				ENABLE_TESTABILITY = YES;
				GCC_C_LANGUAGE_STANDARD = gnu99;
				GCC_DYNAMIC_NO_PIC = NO;
				GCC_NO_COMMON_BLOCKS = YES;
				GCC_OPTIMIZATION_LEVEL = 0;
				GCC_PREPROCESSOR_DEFINITIONS = (
					"DEBUG=1",
					"$(inherited)",
				);
				GCC_WARN_64_TO_32_BIT_CONVERSION = YES;
				GCC_WARN_ABOUT_RETURN_TYPE = YES_ERROR;
				GCC_WARN_UNDECLARED_SELECTOR = YES;
				GCC_WARN_UNINITIALIZED_AUTOS = YES_AGGRESSIVE;
				GCC_WARN_UNUSED_FUNCTION = YES;
				GCC_WARN_UNUSED_VARIABLE = YES;
				IPHONEOS_DEPLOYMENT_TARGET = 9.3;
				MTL_ENABLE_DEBUG_INFO = YES;
				ONLY_ACTIVE_ARCH = YES;
				SDKROOT = iphoneos;
				SWIFT_OPTIMIZATION_LEVEL = "-Onone";
				TARGETED_DEVICE_FAMILY = "1,2";
			};
			name = Debug;
		};
		42CBE2391CDA8CE400F9E6D5 /* Release */ = {
			isa = XCBuildConfiguration;
			buildSettings = {
				ALWAYS_SEARCH_USER_PATHS = NO;
				CLANG_ANALYZER_NONNULL = YES;
				CLANG_CXX_LANGUAGE_STANDARD = "gnu++0x";
				CLANG_CXX_LIBRARY = "libc++";
				CLANG_ENABLE_MODULES = YES;
				CLANG_ENABLE_OBJC_ARC = YES;
				CLANG_WARN_BOOL_CONVERSION = YES;
				CLANG_WARN_CONSTANT_CONVERSION = YES;
				CLANG_WARN_DIRECT_OBJC_ISA_USAGE = YES_ERROR;
				CLANG_WARN_EMPTY_BODY = YES;
				CLANG_WARN_ENUM_CONVERSION = YES;
				CLANG_WARN_INT_CONVERSION = YES;
				CLANG_WARN_OBJC_ROOT_CLASS = YES_ERROR;
				CLANG_WARN_UNREACHABLE_CODE = YES;
				CLANG_WARN__DUPLICATE_METHOD_MATCH = YES;
				"CODE_SIGN_IDENTITY[sdk=iphoneos*]" = "iPhone Developer";
				COPY_PHASE_STRIP = NO;
				DEBUG_INFORMATION_FORMAT = "dwarf-with-dsym";
				ENABLE_NS_ASSERTIONS = NO;
				ENABLE_STRICT_OBJC_MSGSEND = YES;
				GCC_C_LANGUAGE_STANDARD = gnu99;
				GCC_NO_COMMON_BLOCKS = YES;
				GCC_WARN_64_TO_32_BIT_CONVERSION = YES;
				GCC_WARN_ABOUT_RETURN_TYPE = YES_ERROR;
				GCC_WARN_UNDECLARED_SELECTOR = YES;
				GCC_WARN_UNINITIALIZED_AUTOS = YES_AGGRESSIVE;
				GCC_WARN_UNUSED_FUNCTION = YES;
				GCC_WARN_UNUSED_VARIABLE = YES;
				IPHONEOS_DEPLOYMENT_TARGET = 9.3;
				MTL_ENABLE_DEBUG_INFO = NO;
				SDKROOT = iphoneos;
				TARGETED_DEVICE_FAMILY = "1,2";
				VALIDATE_PRODUCT = YES;
			};
			name = Release;
		};
		42CBE23B1CDA8CE400F9E6D5 /* Debug */ = {
			isa = XCBuildConfiguration;
			baseConfigurationReference = 9F6D603AA137619871E8F49E /* Pods-Orlando Walking Tours.debug.xcconfig */;
			buildSettings = {
				ASSETCATALOG_COMPILER_APPICON_NAME = AppIcon;
				INFOPLIST_FILE = "Orlando Walking Tours/Info.plist";
				IPHONEOS_DEPLOYMENT_TARGET = 9.0;
				LD_RUNPATH_SEARCH_PATHS = "$(inherited) @executable_path/Frameworks";
				PRODUCT_BUNDLE_IDENTIFIER = "com.codefororlando.Orlando-Walking-Tours";
				PRODUCT_NAME = "$(TARGET_NAME)";
			};
			name = Debug;
		};
		42CBE23C1CDA8CE400F9E6D5 /* Release */ = {
			isa = XCBuildConfiguration;
			baseConfigurationReference = BD394CBD8239958404C56842 /* Pods-Orlando Walking Tours.release.xcconfig */;
			buildSettings = {
				ASSETCATALOG_COMPILER_APPICON_NAME = AppIcon;
				INFOPLIST_FILE = "Orlando Walking Tours/Info.plist";
				IPHONEOS_DEPLOYMENT_TARGET = 9.0;
				LD_RUNPATH_SEARCH_PATHS = "$(inherited) @executable_path/Frameworks";
				PRODUCT_BUNDLE_IDENTIFIER = "com.codefororlando.Orlando-Walking-Tours";
				PRODUCT_NAME = "$(TARGET_NAME)";
			};
			name = Release;
		};
/* End XCBuildConfiguration section */

/* Begin XCConfigurationList section */
		42CBE2201CDA8CE400F9E6D5 /* Build configuration list for PBXProject "Orlando Walking Tours" */ = {
			isa = XCConfigurationList;
			buildConfigurations = (
				42CBE2381CDA8CE400F9E6D5 /* Debug */,
				42CBE2391CDA8CE400F9E6D5 /* Release */,
			);
			defaultConfigurationIsVisible = 0;
			defaultConfigurationName = Release;
		};
		42CBE23A1CDA8CE400F9E6D5 /* Build configuration list for PBXNativeTarget "Orlando Walking Tours" */ = {
			isa = XCConfigurationList;
			buildConfigurations = (
				42CBE23B1CDA8CE400F9E6D5 /* Debug */,
				42CBE23C1CDA8CE400F9E6D5 /* Release */,
			);
			defaultConfigurationIsVisible = 0;
			defaultConfigurationName = Release;
		};
/* End XCConfigurationList section */

/* Begin XCVersionGroup section */
		42CBE22F1CDA8CE400F9E6D5 /* WalkingTours.xcdatamodeld */ = {
			isa = XCVersionGroup;
			children = (
				42CBE2301CDA8CE400F9E6D5 /* WalkingTours.xcdatamodel */,
			);
			currentVersion = 42CBE2301CDA8CE400F9E6D5 /* WalkingTours.xcdatamodel */;
			path = WalkingTours.xcdatamodeld;
			sourceTree = "<group>";
			versionGroupType = wrapper.xcdatamodel;
		};
/* End XCVersionGroup section */
	};
	rootObject = 42CBE21D1CDA8CE400F9E6D5 /* Project object */;
}
